// !$*UTF8*$!
{
	archiveVersion = 1;
	classes = {
	};
	objectVersion = 45;
	objects = {

/* Begin PBXBuildFile section */
		600D319C0DBFDEF600A96491 /* success.tif in Resources */ = {isa = PBXBuildFile; fileRef = 600D319A0DBFDEF600A96491 /* success.tif */; };
		600D319D0DBFDEF600A96491 /* error.tif in Resources */ = {isa = PBXBuildFile; fileRef = 600D319B0DBFDEF600A96491 /* error.tif */; };
		607C58120DBBB0E7009BBEF8 /* MainController.m in Sources */ = {isa = PBXBuildFile; fileRef = 607C58110DBBB0E7009BBEF8 /* MainController.m */; };
		60997D790DC3E33700518344 /* lockHover.tif in Resources */ = {isa = PBXBuildFile; fileRef = 60997D760DC3E33700518344 /* lockHover.tif */; };
		60997D7A0DC3E33700518344 /* lockClick.tif in Resources */ = {isa = PBXBuildFile; fileRef = 60997D770DC3E33700518344 /* lockClick.tif */; };
		60997D930DC3E41B00518344 /* CustomAuthButton.m in Sources */ = {isa = PBXBuildFile; fileRef = 60997D920DC3E41B00518344 /* CustomAuthButton.m */; };
		60997E050DC3ECA100518344 /* AGKeychain.m in Sources */ = {isa = PBXBuildFile; fileRef = 60997E040DC3ECA100518344 /* AGKeychain.m */; };
		60997E490DC3ED2100518344 /* Security.framework in Frameworks */ = {isa = PBXBuildFile; fileRef = 60997E480DC3ED2100518344 /* Security.framework */; };
		609F460A0DC33C4600AE82AA /* StatusValueTransformer.m in Sources */ = {isa = PBXBuildFile; fileRef = 609F46090DC33C4600AE82AA /* StatusValueTransformer.m */; };
		609F472E0DC3474400AE82AA /* warning.tif in Resources */ = {isa = PBXBuildFile; fileRef = 609F472D0DC3474400AE82AA /* warning.tif */; };
		609F476E0DC34A2D00AE82AA /* ProgressValueTransformer.m in Sources */ = {isa = PBXBuildFile; fileRef = 609F476D0DC34A2D00AE82AA /* ProgressValueTransformer.m */; };
		60DE9BBB0DBD356200D3EC93 /* ExporthCard.m in Sources */ = {isa = PBXBuildFile; fileRef = 60DE9BBA0DBD356200D3EC93 /* ExporthCard.m */; };
		60DE9BF00DBD373800D3EC93 /* AddressBook.framework in Frameworks */ = {isa = PBXBuildFile; fileRef = 60DE9BEF0DBD373800D3EC93 /* AddressBook.framework */; };
		60DE9C160DBD38F300D3EC93 /* hCardTemplate in Resources */ = {isa = PBXBuildFile; fileRef = 60DE9C150DBD38F300D3EC93 /* hCardTemplate */; };
		60DE9CB90DBD448E00D3EC93 /* ExportController.m in Sources */ = {isa = PBXBuildFile; fileRef = 60DE9CB80DBD448E00D3EC93 /* ExportController.m */; };
		8D11072A0486CEB800E47090 /* MainMenu.nib in Resources */ = {isa = PBXBuildFile; fileRef = 29B97318FDCFA39411CA2CEA /* MainMenu.nib */; };
		8D11072B0486CEB800E47090 /* InfoPlist.strings in Resources */ = {isa = PBXBuildFile; fileRef = 089C165CFE840E0CC02AAC07 /* InfoPlist.strings */; };
		8D11072D0486CEB800E47090 /* main.m in Sources */ = {isa = PBXBuildFile; fileRef = 29B97316FDCFA39411CA2CEA /* main.m */; settings = {ATTRIBUTES = (); }; };
		8D11072F0486CEB800E47090 /* Cocoa.framework in Frameworks */ = {isa = PBXBuildFile; fileRef = 1058C7A1FEA54F0111CA2CBB /* Cocoa.framework */; };
		F43B68B20DCC8F21008D7642 /* Sparkle.framework in Frameworks */ = {isa = PBXBuildFile; fileRef = F43B68B10DCC8F21008D7642 /* Sparkle.framework */; };
		F43B68B60DCC8F51008D7642 /* Sparkle.framework in CopyFiles */ = {isa = PBXBuildFile; fileRef = F43B68B10DCC8F21008D7642 /* Sparkle.framework */; };
		F44B40A80DBF9D5E00623BBA /* GData.framework in Frameworks */ = {isa = PBXBuildFile; fileRef = F44B40A70DBF9D5E00623BBA /* GData.framework */; };
		F44B414E0DBF9D6900623BBA /* GData.framework in CopyFiles */ = {isa = PBXBuildFile; fileRef = F44B40A70DBF9D5E00623BBA /* GData.framework */; };
		F49E3D170DBE6C1A0068734D /* ExportGoogle.m in Sources */ = {isa = PBXBuildFile; fileRef = F49E3D160DBE6C1A0068734D /* ExportGoogle.m */; };
/* End PBXBuildFile section */

/* Begin PBXCopyFilesBuildPhase section */
		F49E3EBB0DBE83C30068734D /* CopyFiles */ = {
			isa = PBXCopyFilesBuildPhase;
			buildActionMask = 2147483647;
			dstPath = "";
			dstSubfolderSpec = 10;
			files = (
				F43B68B60DCC8F51008D7642 /* Sparkle.framework in CopyFiles */,
				F44B414E0DBF9D6900623BBA /* GData.framework in CopyFiles */,
			);
			runOnlyForDeploymentPostprocessing = 0;
		};
/* End PBXCopyFilesBuildPhase section */

/* Begin PBXFileReference section */
		089C165DFE840E0CC02AAC07 /* English */ = {isa = PBXFileReference; fileEncoding = 10; lastKnownFileType = text.plist.strings; name = English; path = English.lproj/InfoPlist.strings; sourceTree = "<group>"; };
		1058C7A1FEA54F0111CA2CBB /* Cocoa.framework */ = {isa = PBXFileReference; lastKnownFileType = wrapper.framework; name = Cocoa.framework; path = /System/Library/Frameworks/Cocoa.framework; sourceTree = "<absolute>"; };
		13E42FB307B3F0F600E4EEF1 /* CoreData.framework */ = {isa = PBXFileReference; lastKnownFileType = wrapper.framework; name = CoreData.framework; path = /System/Library/Frameworks/CoreData.framework; sourceTree = "<absolute>"; };
		29B97316FDCFA39411CA2CEA /* main.m */ = {isa = PBXFileReference; fileEncoding = 4; lastKnownFileType = sourcecode.c.objc; path = main.m; sourceTree = "<group>"; };
		29B97319FDCFA39411CA2CEA /* English */ = {isa = PBXFileReference; lastKnownFileType = wrapper.nib; name = English; path = English.lproj/MainMenu.nib; sourceTree = "<group>"; };
		29B97324FDCFA39411CA2CEA /* AppKit.framework */ = {isa = PBXFileReference; lastKnownFileType = wrapper.framework; name = AppKit.framework; path = /System/Library/Frameworks/AppKit.framework; sourceTree = "<absolute>"; };
		29B97325FDCFA39411CA2CEA /* Foundation.framework */ = {isa = PBXFileReference; lastKnownFileType = wrapper.framework; name = Foundation.framework; path = /System/Library/Frameworks/Foundation.framework; sourceTree = "<absolute>"; };
		32CA4F630368D1EE00C91783 /* lustro_Prefix.pch */ = {isa = PBXFileReference; fileEncoding = 4; lastKnownFileType = sourcecode.c.h; path = lustro_Prefix.pch; sourceTree = "<group>"; };
		600D2FA40DBF9EA700A96491 /* ExportProtocol.h */ = {isa = PBXFileReference; fileEncoding = 4; lastKnownFileType = sourcecode.c.h; name = ExportProtocol.h; path = classes/ExportProtocol.h; sourceTree = "<group>"; };
		600D319A0DBFDEF600A96491 /* success.tif */ = {isa = PBXFileReference; lastKnownFileType = image.tiff; name = success.tif; path = images/success.tif; sourceTree = "<group>"; };
		600D319B0DBFDEF600A96491 /* error.tif */ = {isa = PBXFileReference; lastKnownFileType = image.tiff; name = error.tif; path = images/error.tif; sourceTree = "<group>"; };
		607C58100DBBB0E7009BBEF8 /* MainController.h */ = {isa = PBXFileReference; fileEncoding = 4; lastKnownFileType = sourcecode.c.h; name = MainController.h; path = classes/MainController.h; sourceTree = "<group>"; };
		607C58110DBBB0E7009BBEF8 /* MainController.m */ = {isa = PBXFileReference; fileEncoding = 4; lastKnownFileType = sourcecode.c.objc; name = MainController.m; path = classes/MainController.m; sourceTree = "<group>"; };
		60997D760DC3E33700518344 /* lockHover.tif */ = {isa = PBXFileReference; lastKnownFileType = image.tiff; name = lockHover.tif; path = images/lockHover.tif; sourceTree = "<group>"; };
		60997D770DC3E33700518344 /* lockClick.tif */ = {isa = PBXFileReference; lastKnownFileType = image.tiff; name = lockClick.tif; path = images/lockClick.tif; sourceTree = "<group>"; };
		60997D910DC3E41B00518344 /* CustomAuthButton.h */ = {isa = PBXFileReference; fileEncoding = 4; lastKnownFileType = sourcecode.c.h; name = CustomAuthButton.h; path = classes/CustomAuthButton.h; sourceTree = "<group>"; };
		60997D920DC3E41B00518344 /* CustomAuthButton.m */ = {isa = PBXFileReference; fileEncoding = 4; lastKnownFileType = sourcecode.c.objc; name = CustomAuthButton.m; path = classes/CustomAuthButton.m; sourceTree = "<group>"; };
		60997E030DC3ECA100518344 /* AGKeychain.h */ = {isa = PBXFileReference; fileEncoding = 4; lastKnownFileType = sourcecode.c.h; name = AGKeychain.h; path = classes/AGKeychain.h; sourceTree = "<group>"; };
		60997E040DC3ECA100518344 /* AGKeychain.m */ = {isa = PBXFileReference; fileEncoding = 4; lastKnownFileType = sourcecode.c.objc; name = AGKeychain.m; path = classes/AGKeychain.m; sourceTree = "<group>"; };
		60997E480DC3ED2100518344 /* Security.framework */ = {isa = PBXFileReference; lastKnownFileType = wrapper.framework; name = Security.framework; path = ../../../../../../System/Library/Frameworks/Security.framework; sourceTree = SOURCE_ROOT; };
		609F46080DC33C4600AE82AA /* StatusValueTransformer.h */ = {isa = PBXFileReference; fileEncoding = 4; lastKnownFileType = sourcecode.c.h; name = StatusValueTransformer.h; path = classes/StatusValueTransformer.h; sourceTree = "<group>"; };
		609F46090DC33C4600AE82AA /* StatusValueTransformer.m */ = {isa = PBXFileReference; fileEncoding = 4; lastKnownFileType = sourcecode.c.objc; name = StatusValueTransformer.m; path = classes/StatusValueTransformer.m; sourceTree = "<group>"; };
		609F472D0DC3474400AE82AA /* warning.tif */ = {isa = PBXFileReference; lastKnownFileType = image.tiff; name = warning.tif; path = images/warning.tif; sourceTree = "<group>"; };
		609F476C0DC34A2D00AE82AA /* ProgressValueTransformer.h */ = {isa = PBXFileReference; fileEncoding = 4; lastKnownFileType = sourcecode.c.h; name = ProgressValueTransformer.h; path = classes/ProgressValueTransformer.h; sourceTree = "<group>"; };
		609F476D0DC34A2D00AE82AA /* ProgressValueTransformer.m */ = {isa = PBXFileReference; fileEncoding = 4; lastKnownFileType = sourcecode.c.objc; name = ProgressValueTransformer.m; path = classes/ProgressValueTransformer.m; sourceTree = "<group>"; };
		60DE9B9E0DBD342000D3EC93 /* ExportController.h */ = {isa = PBXFileReference; fileEncoding = 4; lastKnownFileType = sourcecode.c.h; name = ExportController.h; path = classes/ExportController.h; sourceTree = "<group>"; };
		60DE9BB90DBD356200D3EC93 /* ExporthCard.h */ = {isa = PBXFileReference; fileEncoding = 4; lastKnownFileType = sourcecode.c.h; name = ExporthCard.h; path = classes/ExporthCard.h; sourceTree = "<group>"; };
		60DE9BBA0DBD356200D3EC93 /* ExporthCard.m */ = {isa = PBXFileReference; fileEncoding = 4; lastKnownFileType = sourcecode.c.objc; name = ExporthCard.m; path = classes/ExporthCard.m; sourceTree = "<group>"; };
		60DE9BEF0DBD373800D3EC93 /* AddressBook.framework */ = {isa = PBXFileReference; lastKnownFileType = wrapper.framework; name = AddressBook.framework; path = ../../../../../../System/Library/Frameworks/AddressBook.framework; sourceTree = SOURCE_ROOT; };
		60DE9C150DBD38F300D3EC93 /* hCardTemplate */ = {isa = PBXFileReference; fileEncoding = 4; lastKnownFileType = text.xml; name = hCardTemplate; path = templates/hCardTemplate; sourceTree = SOURCE_ROOT; };
		60DE9CB80DBD448E00D3EC93 /* ExportController.m */ = {isa = PBXFileReference; fileEncoding = 4; lastKnownFileType = sourcecode.c.objc; name = ExportController.m; path = classes/ExportController.m; sourceTree = "<group>"; };
		8D1107310486CEB800E47090 /* Info.plist */ = {isa = PBXFileReference; fileEncoding = 4; lastKnownFileType = text.plist.xml; path = Info.plist; sourceTree = "<group>"; };
		8D1107320486CEB800E47090 /* lustro.app */ = {isa = PBXFileReference; explicitFileType = wrapper.application; includeInIndex = 0; path = lustro.app; sourceTree = BUILT_PRODUCTS_DIR; };
		F43B68B10DCC8F21008D7642 /* Sparkle.framework */ = {isa = PBXFileReference; lastKnownFileType = wrapper.framework; name = Sparkle.framework; path = frameworks/Sparkle.framework; sourceTree = SOURCE_ROOT; };
		F44B40A70DBF9D5E00623BBA /* GData.framework */ = {isa = PBXFileReference; lastKnownFileType = wrapper.framework; name = GData.framework; path = frameworks/GData.framework; sourceTree = SOURCE_ROOT; };
		F49E3D150DBE6C1A0068734D /* ExportGoogle.h */ = {isa = PBXFileReference; fileEncoding = 4; lastKnownFileType = sourcecode.c.h; name = ExportGoogle.h; path = classes/ExportGoogle.h; sourceTree = "<group>"; };
		F49E3D160DBE6C1A0068734D /* ExportGoogle.m */ = {isa = PBXFileReference; fileEncoding = 4; lastKnownFileType = sourcecode.c.objc; name = ExportGoogle.m; path = classes/ExportGoogle.m; sourceTree = "<group>"; };
/* End PBXFileReference section */

/* Begin PBXFrameworksBuildPhase section */
		8D11072E0486CEB800E47090 /* Frameworks */ = {
			isa = PBXFrameworksBuildPhase;
			buildActionMask = 2147483647;
			files = (
				8D11072F0486CEB800E47090 /* Cocoa.framework in Frameworks */,
				60DE9BF00DBD373800D3EC93 /* AddressBook.framework in Frameworks */,
				F44B40A80DBF9D5E00623BBA /* GData.framework in Frameworks */,
				60997E490DC3ED2100518344 /* Security.framework in Frameworks */,
				F43B68B20DCC8F21008D7642 /* Sparkle.framework in Frameworks */,
			);
			runOnlyForDeploymentPostprocessing = 0;
		};
/* End PBXFrameworksBuildPhase section */

/* Begin PBXGroup section */
		080E96DDFE201D6D7F000001 /* Classes */ = {
			isa = PBXGroup;
			children = (
				60997E020DC3EC8700518344 /* External */,
				609F46070DC33C3100AE82AA /* Helpers */,
				60DE9BB80DBD353800D3EC93 /* Exporters */,
				607C58100DBBB0E7009BBEF8 /* MainController.h */,
				607C58110DBBB0E7009BBEF8 /* MainController.m */,
			);
			name = Classes;
			sourceTree = "<group>";
		};
		1058C7A0FEA54F0111CA2CBB /* Linked Frameworks */ = {
			isa = PBXGroup;
			children = (
				F43B68B10DCC8F21008D7642 /* Sparkle.framework */,
				60997E480DC3ED2100518344 /* Security.framework */,
				F44B40A70DBF9D5E00623BBA /* GData.framework */,
				60DE9BEF0DBD373800D3EC93 /* AddressBook.framework */,
				1058C7A1FEA54F0111CA2CBB /* Cocoa.framework */,
			);
			name = "Linked Frameworks";
			sourceTree = "<group>";
		};
		1058C7A2FEA54F0111CA2CBB /* Other Frameworks */ = {
			isa = PBXGroup;
			children = (
				29B97324FDCFA39411CA2CEA /* AppKit.framework */,
				13E42FB307B3F0F600E4EEF1 /* CoreData.framework */,
				29B97325FDCFA39411CA2CEA /* Foundation.framework */,
			);
			name = "Other Frameworks";
			sourceTree = "<group>";
		};
		19C28FACFE9D520D11CA2CBB /* Products */ = {
			isa = PBXGroup;
			children = (
				8D1107320486CEB800E47090 /* lustro.app */,
			);
			name = Products;
			sourceTree = "<group>";
		};
		29B97314FDCFA39411CA2CEA /* lustro */ = {
			isa = PBXGroup;
			children = (
				080E96DDFE201D6D7F000001 /* Classes */,
				29B97315FDCFA39411CA2CEA /* Other Sources */,
				29B97317FDCFA39411CA2CEA /* Resources */,
				29B97323FDCFA39411CA2CEA /* Frameworks */,
				19C28FACFE9D520D11CA2CBB /* Products */,
			);
			name = lustro;
			sourceTree = "<group>";
		};
		29B97315FDCFA39411CA2CEA /* Other Sources */ = {
			isa = PBXGroup;
			children = (
				32CA4F630368D1EE00C91783 /* lustro_Prefix.pch */,
				29B97316FDCFA39411CA2CEA /* main.m */,
			);
			name = "Other Sources";
			sourceTree = "<group>";
		};
		29B97317FDCFA39411CA2CEA /* Resources */ = {
			isa = PBXGroup;
			children = (
				600D31980DBFDEED00A96491 /* Images */,
				60DE9BF60DBD389F00D3EC93 /* Templates */,
				8D1107310486CEB800E47090 /* Info.plist */,
				089C165CFE840E0CC02AAC07 /* InfoPlist.strings */,
				29B97318FDCFA39411CA2CEA /* MainMenu.nib */,
			);
			name = Resources;
			sourceTree = "<group>";
		};
		29B97323FDCFA39411CA2CEA /* Frameworks */ = {
			isa = PBXGroup;
			children = (
				1058C7A0FEA54F0111CA2CBB /* Linked Frameworks */,
				1058C7A2FEA54F0111CA2CBB /* Other Frameworks */,
			);
			name = Frameworks;
			sourceTree = "<group>";
		};
		600D31980DBFDEED00A96491 /* Images */ = {
			isa = PBXGroup;
			children = (
				60997D760DC3E33700518344 /* lockHover.tif */,
				60997D770DC3E33700518344 /* lockClick.tif */,
				609F472D0DC3474400AE82AA /* warning.tif */,
				600D319A0DBFDEF600A96491 /* success.tif */,
				600D319B0DBFDEF600A96491 /* error.tif */,
			);
			name = Images;
			sourceTree = "<group>";
		};
		60997E020DC3EC8700518344 /* External */ = {
			isa = PBXGroup;
			children = (
				60997E030DC3ECA100518344 /* AGKeychain.h */,
				60997E040DC3ECA100518344 /* AGKeychain.m */,
			);
			name = External;
			sourceTree = "<group>";
		};
		609F46070DC33C3100AE82AA /* Helpers */ = {
			isa = PBXGroup;
			children = (
				609F46080DC33C4600AE82AA /* StatusValueTransformer.h */,
				609F46090DC33C4600AE82AA /* StatusValueTransformer.m */,
				609F476C0DC34A2D00AE82AA /* ProgressValueTransformer.h */,
				609F476D0DC34A2D00AE82AA /* ProgressValueTransformer.m */,
				60997D910DC3E41B00518344 /* CustomAuthButton.h */,
				60997D920DC3E41B00518344 /* CustomAuthButton.m */,
			);
			name = Helpers;
			sourceTree = "<group>";
		};
		60DE9BB80DBD353800D3EC93 /* Exporters */ = {
			isa = PBXGroup;
			children = (
				600D2FA40DBF9EA700A96491 /* ExportProtocol.h */,
				60DE9B9E0DBD342000D3EC93 /* ExportController.h */,
				60DE9CB80DBD448E00D3EC93 /* ExportController.m */,
				60DE9BB90DBD356200D3EC93 /* ExporthCard.h */,
				60DE9BBA0DBD356200D3EC93 /* ExporthCard.m */,
				F49E3D150DBE6C1A0068734D /* ExportGoogle.h */,
				F49E3D160DBE6C1A0068734D /* ExportGoogle.m */,
			);
			name = Exporters;
			sourceTree = "<group>";
		};
		60DE9BF60DBD389F00D3EC93 /* Templates */ = {
			isa = PBXGroup;
			children = (
				60DE9C150DBD38F300D3EC93 /* hCardTemplate */,
			);
			name = Templates;
			sourceTree = "<group>";
		};
/* End PBXGroup section */

/* Begin PBXNativeTarget section */
		8D1107260486CEB800E47090 /* lustro */ = {
			isa = PBXNativeTarget;
			buildConfigurationList = C01FCF4A08A954540054247B /* Build configuration list for PBXNativeTarget "lustro" */;
			buildPhases = (
				8D1107290486CEB800E47090 /* Resources */,
				8D11072C0486CEB800E47090 /* Sources */,
				8D11072E0486CEB800E47090 /* Frameworks */,
				F49E3EBB0DBE83C30068734D /* CopyFiles */,
			);
			buildRules = (
			);
			dependencies = (
			);
			name = lustro;
			productInstallPath = "$(HOME)/Applications";
			productName = lustro;
			productReference = 8D1107320486CEB800E47090 /* lustro.app */;
			productType = "com.apple.product-type.application";
		};
/* End PBXNativeTarget section */

/* Begin PBXProject section */
		29B97313FDCFA39411CA2CEA /* Project object */ = {
			isa = PBXProject;
			buildConfigurationList = C01FCF4E08A954540054247B /* Build configuration list for PBXProject "lustro" */;
			compatibilityVersion = "Xcode 3.1";
			hasScannedForEncodings = 1;
			mainGroup = 29B97314FDCFA39411CA2CEA /* lustro */;
			projectDirPath = "";
			projectRoot = "";
			targets = (
				8D1107260486CEB800E47090 /* lustro */,
			);
		};
/* End PBXProject section */

/* Begin PBXResourcesBuildPhase section */
		8D1107290486CEB800E47090 /* Resources */ = {
			isa = PBXResourcesBuildPhase;
			buildActionMask = 2147483647;
			files = (
				8D11072A0486CEB800E47090 /* MainMenu.nib in Resources */,
				8D11072B0486CEB800E47090 /* InfoPlist.strings in Resources */,
				60DE9C160DBD38F300D3EC93 /* hCardTemplate in Resources */,
				600D319C0DBFDEF600A96491 /* success.tif in Resources */,
				600D319D0DBFDEF600A96491 /* error.tif in Resources */,
				609F472E0DC3474400AE82AA /* warning.tif in Resources */,
				60997D790DC3E33700518344 /* lockHover.tif in Resources */,
				60997D7A0DC3E33700518344 /* lockClick.tif in Resources */,
			);
			runOnlyForDeploymentPostprocessing = 0;
		};
/* End PBXResourcesBuildPhase section */

/* Begin PBXSourcesBuildPhase section */
		8D11072C0486CEB800E47090 /* Sources */ = {
			isa = PBXSourcesBuildPhase;
			buildActionMask = 2147483647;
			files = (
				8D11072D0486CEB800E47090 /* main.m in Sources */,
				607C58120DBBB0E7009BBEF8 /* MainController.m in Sources */,
				60DE9BBB0DBD356200D3EC93 /* ExporthCard.m in Sources */,
				60DE9CB90DBD448E00D3EC93 /* ExportController.m in Sources */,
				F49E3D170DBE6C1A0068734D /* ExportGoogle.m in Sources */,
				609F460A0DC33C4600AE82AA /* StatusValueTransformer.m in Sources */,
				609F476E0DC34A2D00AE82AA /* ProgressValueTransformer.m in Sources */,
				60997D930DC3E41B00518344 /* CustomAuthButton.m in Sources */,
				60997E050DC3ECA100518344 /* AGKeychain.m in Sources */,
			);
			runOnlyForDeploymentPostprocessing = 0;
		};
/* End PBXSourcesBuildPhase section */

/* Begin PBXVariantGroup section */
		089C165CFE840E0CC02AAC07 /* InfoPlist.strings */ = {
			isa = PBXVariantGroup;
			children = (
				089C165DFE840E0CC02AAC07 /* English */,
			);
			name = InfoPlist.strings;
			sourceTree = "<group>";
		};
		29B97318FDCFA39411CA2CEA /* MainMenu.nib */ = {
			isa = PBXVariantGroup;
			children = (
				29B97319FDCFA39411CA2CEA /* English */,
			);
			name = MainMenu.nib;
			sourceTree = "<group>";
		};
/* End PBXVariantGroup section */

/* Begin XCBuildConfiguration section */
		C01FCF4B08A954540054247B /* Debug */ = {
			isa = XCBuildConfiguration;
			buildSettings = {
				ALWAYS_SEARCH_USER_PATHS = NO;
				COPY_PHASE_STRIP = NO;
				FRAMEWORK_SEARCH_PATHS = (
					"$(inherited)",
					"\"$(SRCROOT)/../gdata-objectivec-client-1.4.0/Source/build/Release\"",
					"\"$(SRCROOT)/frameworks\"",
				);
				GCC_DYNAMIC_NO_PIC = NO;
				GCC_ENABLE_FIX_AND_CONTINUE = YES;
				GCC_MODEL_TUNING = G5;
				GCC_OPTIMIZATION_LEVEL = 0;
				GCC_PRECOMPILE_PREFIX_HEADER = YES;
				GCC_PREFIX_HEADER = lustro_Prefix.pch;
				INFOPLIST_FILE = Info.plist;
				INSTALL_PATH = "$(HOME)/Applications";
				PRODUCT_NAME = lustro;
			};
			name = Debug;
		};
		C01FCF4C08A954540054247B /* Release */ = {
			isa = XCBuildConfiguration;
			buildSettings = {
				ALWAYS_SEARCH_USER_PATHS = NO;
				DEBUG_INFORMATION_FORMAT = "dwarf-with-dsym";
				FRAMEWORK_SEARCH_PATHS = (
					"$(inherited)",
					"\"$(SRCROOT)/../gdata-objectivec-client-1.4.0/Source/build/Release\"",
					"\"$(SRCROOT)/frameworks\"",
				);
				GCC_MODEL_TUNING = G5;
				GCC_PRECOMPILE_PREFIX_HEADER = YES;
				GCC_PREFIX_HEADER = lustro_Prefix.pch;
				INFOPLIST_FILE = Info.plist;
				INSTALL_PATH = "$(HOME)/Applications";
				PRODUCT_NAME = lustro;
			};
			name = Release;
		};
		C01FCF4F08A954540054247B /* Debug */ = {
			isa = XCBuildConfiguration;
			buildSettings = {
				ALWAYS_SEARCH_USER_PATHS = NO;
				ARCHS = "$(ARCHS_STANDARD_32_BIT)";
				GCC_C_LANGUAGE_STANDARD = c99;
				GCC_OPTIMIZATION_LEVEL = 0;
				GCC_WARN_ABOUT_RETURN_TYPE = YES;
				GCC_WARN_UNUSED_VARIABLE = YES;
				ONLY_ACTIVE_ARCH = YES;
				PREBINDING = NO;
				SDKROOT = macosx10.5;
			};
			name = Debug;
		};
		C01FCF5008A954540054247B /* Release */ = {
			isa = XCBuildConfiguration;
			buildSettings = {
				ALWAYS_SEARCH_USER_PATHS = NO;
				ARCHS = "$(ARCHS_STANDARD_32_BIT)";
				GCC_C_LANGUAGE_STANDARD = c99;
				GCC_WARN_ABOUT_RETURN_TYPE = YES;
				GCC_WARN_UNUSED_VARIABLE = YES;
				PREBINDING = NO;
				SDKROOT = macosx10.5;
			};
			name = Release;
		};
/* End XCBuildConfiguration section */

/* Begin XCConfigurationList section */
		C01FCF4A08A954540054247B /* Build configuration list for PBXNativeTarget "lustro" */ = {
			isa = XCConfigurationList;
			buildConfigurations = (
				C01FCF4B08A954540054247B /* Debug */,
				C01FCF4C08A954540054247B /* Release */,
			);
			defaultConfigurationIsVisible = 0;
			defaultConfigurationName = Release;
		};
		C01FCF4E08A954540054247B /* Build configuration list for PBXProject "lustro" */ = {
			isa = XCConfigurationList;
			buildConfigurations = (
				C01FCF4F08A954540054247B /* Debug */,
				C01FCF5008A954540054247B /* Release */,
			);
			defaultConfigurationIsVisible = 0;
			defaultConfigurationName = Release;
		};
/* End XCConfigurationList section */
	};
	rootObject = 29B97313FDCFA39411CA2CEA /* Project object */;
}
